
Microsoft Visual Studio Solution File, Format Version 12.00
# Visual Studio Version 17
VisualStudioVersion = 17.0.31903.59
MinimumVisualStudioVersion = 10.0.40219.1
Project("{FAE04EC0-301F-11D3-BF4B-00C04F79EFBC}") = "Shared.Domain.Core", "shared\Shared.Domain.Core\Shared.Domain.Core.csproj", "{1A000001-0000-0000-0000-000000000001}"
EndProject
Project("{FAE04EC0-301F-11D3-BF4B-00C04F79EFBC}") = "Shared.Domain", "shared\Shared.Domain\Shared.Domain.csproj", "{1A000002-0000-0000-0000-000000000002}"
EndProject
Project("{FAE04EC0-301F-11D3-BF4B-00C04F79EFBC}") = "Shared.Application.Contracts", "shared\Shared.Application.Contracts\Shared.Application.Contracts.csproj", "{1A000003-0000-0000-0000-000000000003}"
EndProject
Project("{FAE04EC0-301F-11D3-BF4B-00C04F79EFBC}") = "Shared.Application", "shared\Shared.Application\Shared.Application.csproj", "{1A000004-0000-0000-0000-000000000004}"
EndProject
Project("{FAE04EC0-301F-11D3-BF4B-00C04F79EFBC}") = "Shared.EntityFrameworkCore", "shared\Shared.EntityFrameworkCore\Shared.EntityFrameworkCore.csproj", "{1A000005-0000-0000-0000-000000000005}"
EndProject
Project("{FAE04EC0-301F-11D3-BF4B-00C04F79EFBC}") = "Utility", "shared\Utility\Utility.csproj", "{1A000006-0000-0000-0000-000000000006}"
EndProject
Project("{FAE04EC0-301F-11D3-BF4B-00C04F79EFBC}") = "SaasCheckin.Domain.Core", "src\SaasCheckin.Domain.Core\SaasCheckin.Domain.Core.csproj", "{1B000001-0000-0000-0000-000000000001}"
EndProject
Project("{FAE04EC0-301F-11D3-BF4B-00C04F79EFBC}") = "SaasCheckin.Domain", "src\SaasCheckin.Domain\SaasCheckin.Domain.csproj", "{1B000002-0000-0000-0000-000000000002}"
EndProject
Project("{FAE04EC0-301F-11D3-BF4B-00C04F79EFBC}") = "SaasCheckin.Application.Contracts", "src\SaasCheckin.Application.Contracts\SaasCheckin.Application.Contracts.csproj", "{1B000003-0000-0000-0000-000000000003}"
EndProject
Project("{FAE04EC0-301F-11D3-BF4B-00C04F79EFBC}") = "SaasCheckin.Application", "src\SaasCheckin.Application\SaasCheckin.Application.csproj", "{1B000004-0000-0000-0000-000000000004}"
EndProject
Project("{FAE04EC0-301F-11D3-BF4B-00C04F79EFBC}") = "SaasCheckin.EntityFrameworkCore", "src\SaasCheckin.EntityFrameworkCore\SaasCheckin.EntityFrameworkCore.csproj", "{1B000005-0000-0000-0000-000000000005}"
EndProject
Project("{FAE04EC0-301F-11D3-BF4B-00C04F79EFBC}") = "SaasCheckin.Infrastructure", "src\SaasCheckin.Infrastructure\SaasCheckin.Infrastructure.csproj", "{1B000006-0000-0000-0000-000000000006}"
EndProject
Project("{FAE04EC0-301F-11D3-BF4B-00C04F79EFBC}") = "SaasCheckin.HttpApi.Host", "src\SaasCheckin.HttpApi.Host\SaasCheckin.HttpApi.Host.csproj", "{1B000007-0000-0000-0000-000000000007}"
EndProject
Project("{FAE04EC0-301F-11D3-BF4B-00C04F79EFBC}") = "SaasCheckin.DbMigrator", "src\SaasCheckin.DbMigrator\SaasCheckin.DbMigrator.csproj", "{1B000008-0000-0000-0000-000000000008}"
EndProject
Project("{FAE04EC0-301F-11D3-BF4B-00C04F79EFBC}") = "Shared.Domain.Tests", "tests\Shared.Domain.Tests\Shared.Domain.Tests.csproj", "{1C000001-0000-0000-0000-000000000001}"
EndProject
Project("{FAE04EC0-301F-11D3-BF4B-00C04F79EFBC}") = "SaasCheckin.Domain.Tests", "tests\SaasCheckin.Domain.Tests\SaasCheckin.Domain.Tests.csproj", "{1C000002-0000-0000-0000-000000000002}"
EndProject
Project("{FAE04EC0-301F-11D3-BF4B-00C04F79EFBC}") = "SaasCheckin.ArchitectureTests", "tests\SaasCheckin.ArchitectureTests\SaasCheckin.ArchitectureTests.csproj", "{1C000003-0000-0000-0000-000000000003}"
EndProject
Project("{2150E333-8FDC-42A3-9474-1A3956D46DE8}") = "tests", "tests", "{0AB3BF05-4346-4AA6-1389-037BE0695223}"
EndProject
Project("{FAE04EC0-301F-11D3-BF4B-00C04F79EFBC}") = "SaasCheckin.Persistence.Tests", "tests\SaasCheckin.Persistence.Tests\SaasCheckin.Persistence.Tests.csproj", "{01347384-6F32-413C-855B-88A1C9F59200}"
EndProject
Project("{2150E333-8FDC-42A3-9474-1A3956D46DE8}") = "src", "src", "{827E0CD3-B72D-47B6-A68D-7590B98EB39B}"
EndProject
Project("{2150E333-8FDC-42A3-9474-1A3956D46DE8}") = "shared", "shared", "{4F52FD11-658E-A102-6CD3-7D7C16FFA15B}"
EndProject
Project("{FAE04EC0-301F-11D3-BF4B-00C04F79EFBC}") = "SaasCheckin.Application.Tests", "tests\SaasCheckin.Application.Tests\SaasCheckin.Application.Tests.csproj", "{7E09CEBD-1E22-4610-ADE2-AE14B2C88F40}"
EndProject
Global
	GlobalSection(SolutionConfigurationPlatforms) = preSolution
		Debug|Any CPU = Debug|Any CPU
		Debug|x64 = Debug|x64
		Debug|x86 = Debug|x86
		Release|Any CPU = Release|Any CPU
		Release|x64 = Release|x64
		Release|x86 = Release|x86
	EndGlobalSection
	GlobalSection(ProjectConfigurationPlatforms) = postSolution
		{1A000001-0000-0000-0000-000000000001}.Debug|Any CPU.ActiveCfg = Debug|Any CPU
		{1A000001-0000-0000-0000-000000000001}.Debug|Any CPU.Build.0 = Debug|Any CPU
		{1A000001-0000-0000-0000-000000000001}.Debug|x64.ActiveCfg = Debug|Any CPU
		{1A000001-0000-0000-0000-000000000001}.Debug|x64.Build.0 = Debug|Any CPU
		{1A000001-0000-0000-0000-000000000001}.Debug|x86.ActiveCfg = Debug|Any CPU
		{1A000001-0000-0000-0000-000000000001}.Debug|x86.Build.0 = Debug|Any CPU
		{1A000001-0000-0000-0000-000000000001}.Release|Any CPU.ActiveCfg = Release|Any CPU
		{1A000001-0000-0000-0000-000000000001}.Release|Any CPU.Build.0 = Release|Any CPU
		{1A000001-0000-0000-0000-000000000001}.Release|x64.ActiveCfg = Release|Any CPU
		{1A000001-0000-0000-0000-000000000001}.Release|x64.Build.0 = Release|Any CPU
		{1A000001-0000-0000-0000-000000000001}.Release|x86.ActiveCfg = Release|Any CPU
		{1A000001-0000-0000-0000-000000000001}.Release|x86.Build.0 = Release|Any CPU
		{1A000002-0000-0000-0000-000000000002}.Debug|x64.ActiveCfg = Debug|Any CPU
		{1A000002-0000-0000-0000-000000000002}.Debug|x64.Build.0 = Debug|Any CPU
		{1A000002-0000-0000-0000-000000000002}.Debug|x86.ActiveCfg = Debug|Any CPU
		{1A000002-0000-0000-0000-000000000002}.Debug|x86.Build.0 = Debug|Any CPU
		{1A000002-0000-0000-0000-000000000002}.Release|x64.ActiveCfg = Release|Any CPU
		{1A000002-0000-0000-0000-000000000002}.Release|x64.Build.0 = Release|Any CPU
		{1A000002-0000-0000-0000-000000000002}.Release|x86.ActiveCfg = Release|Any CPU
		{1A000002-0000-0000-0000-000000000002}.Release|x86.Build.0 = Release|Any CPU
		{1A000003-0000-0000-0000-000000000003}.Debug|x64.ActiveCfg = Debug|Any CPU
		{1A000003-0000-0000-0000-000000000003}.Debug|x64.Build.0 = Debug|Any CPU
		{1A000003-0000-0000-0000-000000000003}.Debug|x86.ActiveCfg = Debug|Any CPU
		{1A000003-0000-0000-0000-000000000003}.Debug|x86.Build.0 = Debug|Any CPU
		{1A000003-0000-0000-0000-000000000003}.Release|x64.ActiveCfg = Release|Any CPU
		{1A000003-0000-0000-0000-000000000003}.Release|x64.Build.0 = Release|Any CPU
		{1A000003-0000-0000-0000-000000000003}.Release|x86.ActiveCfg = Release|Any CPU
		{1A000003-0000-0000-0000-000000000003}.Release|x86.Build.0 = Release|Any CPU
		{1A000004-0000-0000-0000-000000000004}.Debug|x64.ActiveCfg = Debug|Any CPU
		{1A000004-0000-0000-0000-000000000004}.Debug|x64.Build.0 = Debug|Any CPU
		{1A000004-0000-0000-0000-000000000004}.Debug|x86.ActiveCfg = Debug|Any CPU
		{1A000004-0000-0000-0000-000000000004}.Debug|x86.Build.0 = Debug|Any CPU
		{1A000004-0000-0000-0000-000000000004}.Release|x64.ActiveCfg = Release|Any CPU
		{1A000004-0000-0000-0000-000000000004}.Release|x64.Build.0 = Release|Any CPU
		{1A000004-0000-0000-0000-000000000004}.Release|x86.ActiveCfg = Release|Any CPU
		{1A000004-0000-0000-0000-000000000004}.Release|x86.Build.0 = Release|Any CPU
		{1A000005-0000-0000-0000-000000000005}.Debug|x64.ActiveCfg = Debug|Any CPU
		{1A000005-0000-0000-0000-000000000005}.Debug|x64.Build.0 = Debug|Any CPU
		{1A000005-0000-0000-0000-000000000005}.Debug|x86.ActiveCfg = Debug|Any CPU
		{1A000005-0000-0000-0000-000000000005}.Debug|x86.Build.0 = Debug|Any CPU
		{1A000005-0000-0000-0000-000000000005}.Release|x64.ActiveCfg = Release|Any CPU
		{1A000005-0000-0000-0000-000000000005}.Release|x64.Build.0 = Release|Any CPU
		{1A000005-0000-0000-0000-000000000005}.Release|x86.ActiveCfg = Release|Any CPU
		{1A000005-0000-0000-0000-000000000005}.Release|x86.Build.0 = Release|Any CPU
		{1A000006-0000-0000-0000-000000000006}.Debug|x64.ActiveCfg = Debug|Any CPU
		{1A000006-0000-0000-0000-000000000006}.Debug|x64.Build.0 = Debug|Any CPU
		{1A000006-0000-0000-0000-000000000006}.Debug|x86.ActiveCfg = Debug|Any CPU
		{1A000006-0000-0000-0000-000000000006}.Debug|x86.Build.0 = Debug|Any CPU
		{1A000006-0000-0000-0000-000000000006}.Release|x64.ActiveCfg = Release|Any CPU
		{1A000006-0000-0000-0000-000000000006}.Release|x64.Build.0 = Release|Any CPU
		{1A000006-0000-0000-0000-000000000006}.Release|x86.ActiveCfg = Release|Any CPU
		{1A000006-0000-0000-0000-000000000006}.Release|x86.Build.0 = Release|Any CPU
		{1B000001-0000-0000-0000-000000000001}.Debug|x64.ActiveCfg = Debug|Any CPU
		{1B000001-0000-0000-0000-000000000001}.Debug|x64.Build.0 = Debug|Any CPU
		{1B000001-0000-0000-0000-000000000001}.Debug|x86.ActiveCfg = Debug|Any CPU
		{1B000001-0000-0000-0000-000000000001}.Debug|x86.Build.0 = Debug|Any CPU
		{1B000001-0000-0000-0000-000000000001}.Release|x64.ActiveCfg = Release|Any CPU
		{1B000001-0000-0000-0000-000000000001}.Release|x64.Build.0 = Release|Any CPU
		{1B000001-0000-0000-0000-000000000001}.Release|x86.ActiveCfg = Release|Any CPU
		{1B000001-0000-0000-0000-000000000001}.Release|x86.Build.0 = Release|Any CPU
		{1B000002-0000-0000-0000-000000000002}.Debug|x64.ActiveCfg = Debug|Any CPU
		{1B000002-0000-0000-0000-000000000002}.Debug|x64.Build.0 = Debug|Any CPU
		{1B000002-0000-0000-0000-000000000002}.Debug|x86.ActiveCfg = Debug|Any CPU
		{1B000002-0000-0000-0000-000000000002}.Debug|x86.Build.0 = Debug|Any CPU
		{1B000002-0000-0000-0000-000000000002}.Release|x64.ActiveCfg = Release|Any CPU
		{1B000002-0000-0000-0000-000000000002}.Release|x64.Build.0 = Release|Any CPU
		{1B000002-0000-0000-0000-000000000002}.Release|x86.ActiveCfg = Release|Any CPU
		{1B000002-0000-0000-0000-000000000002}.Release|x86.Build.0 = Release|Any CPU
		{1B000003-0000-0000-0000-000000000003}.Debug|x64.ActiveCfg = Debug|Any CPU
		{1B000003-0000-0000-0000-000000000003}.Debug|x64.Build.0 = Debug|Any CPU
		{1B000003-0000-0000-0000-000000000003}.Debug|x86.ActiveCfg = Debug|Any CPU
		{1B000003-0000-0000-0000-000000000003}.Debug|x86.Build.0 = Debug|Any CPU
		{1B000003-0000-0000-0000-000000000003}.Release|x64.ActiveCfg = Release|Any CPU
		{1B000003-0000-0000-0000-000000000003}.Release|x64.Build.0 = Release|Any CPU
		{1B000003-0000-0000-0000-000000000003}.Release|x86.ActiveCfg = Release|Any CPU
		{1B000003-0000-0000-0000-000000000003}.Release|x86.Build.0 = Release|Any CPU
		{1B000004-0000-0000-0000-000000000004}.Debug|x64.ActiveCfg = Debug|Any CPU
		{1B000004-0000-0000-0000-000000000004}.Debug|x64.Build.0 = Debug|Any CPU
		{1B000004-0000-0000-0000-000000000004}.Debug|x86.ActiveCfg = Debug|Any CPU
		{1B000004-0000-0000-0000-000000000004}.Debug|x86.Build.0 = Debug|Any CPU
		{1B000004-0000-0000-0000-000000000004}.Release|x64.ActiveCfg = Release|Any CPU
		{1B000004-0000-0000-0000-000000000004}.Release|x64.Build.0 = Release|Any CPU
		{1B000004-0000-0000-0000-000000000004}.Release|x86.ActiveCfg = Release|Any CPU
		{1B000004-0000-0000-0000-000000000004}.Release|x86.Build.0 = Release|Any CPU
		{1B000005-0000-0000-0000-000000000005}.Debug|x64.ActiveCfg = Debug|Any CPU
		{1B000005-0000-0000-0000-000000000005}.Debug|x64.Build.0 = Debug|Any CPU
		{1B000005-0000-0000-0000-000000000005}.Debug|x86.ActiveCfg = Debug|Any CPU
		{1B000005-0000-0000-0000-000000000005}.Debug|x86.Build.0 = Debug|Any CPU
		{1B000005-0000-0000-0000-000000000005}.Release|x64.ActiveCfg = Release|Any CPU
		{1B000005-0000-0000-0000-000000000005}.Release|x64.Build.0 = Release|Any CPU
		{1B000005-0000-0000-0000-000000000005}.Release|x86.ActiveCfg = Release|Any CPU
		{1B000005-0000-0000-0000-000000000005}.Release|x86.Build.0 = Release|Any CPU
		{1B000006-0000-0000-0000-000000000006}.Debug|x64.ActiveCfg = Debug|Any CPU
		{1B000006-0000-0000-0000-000000000006}.Debug|x64.Build.0 = Debug|Any CPU
		{1B000006-0000-0000-0000-000000000006}.Debug|x86.ActiveCfg = Debug|Any CPU
		{1B000006-0000-0000-0000-000000000006}.Debug|x86.Build.0 = Debug|Any CPU
		{1B000006-0000-0000-0000-000000000006}.Release|x64.ActiveCfg = Release|Any CPU
		{1B000006-0000-0000-0000-000000000006}.Release|x64.Build.0 = Release|Any CPU
		{1B000006-0000-0000-0000-000000000006}.Release|x86.ActiveCfg = Release|Any CPU
		{1B000006-0000-0000-0000-000000000006}.Release|x86.Build.0 = Release|Any CPU
		{1B000007-0000-0000-0000-000000000007}.Debug|x64.ActiveCfg = Debug|Any CPU
		{1B000007-0000-0000-0000-000000000007}.Debug|x64.Build.0 = Debug|Any CPU
		{1B000007-0000-0000-0000-000000000007}.Debug|x86.ActiveCfg = Debug|Any CPU
		{1B000007-0000-0000-0000-000000000007}.Debug|x86.Build.0 = Debug|Any CPU
		{1B000007-0000-0000-0000-000000000007}.Release|x64.ActiveCfg = Release|Any CPU
		{1B000007-0000-0000-0000-000000000007}.Release|x64.Build.0 = Release|Any CPU
		{1B000007-0000-0000-0000-000000000007}.Release|x86.ActiveCfg = Release|Any CPU
		{1B000007-0000-0000-0000-000000000007}.Release|x86.Build.0 = Release|Any CPU
		{1B000008-0000-0000-0000-000000000008}.Debug|x64.ActiveCfg = Debug|Any CPU
		{1B000008-0000-0000-0000-000000000008}.Debug|x64.Build.0 = Debug|Any CPU
		{1B000008-0000-0000-0000-000000000008}.Debug|x86.ActiveCfg = Debug|Any CPU
		{1B000008-0000-0000-0000-000000000008}.Debug|x86.Build.0 = Debug|Any CPU
		{1B000008-0000-0000-0000-000000000008}.Release|x64.ActiveCfg = Release|Any CPU
		{1B000008-0000-0000-0000-000000000008}.Release|x64.Build.0 = Release|Any CPU
		{1B000008-0000-0000-0000-000000000008}.Release|x86.ActiveCfg = Release|Any CPU
		{1B000008-0000-0000-0000-000000000008}.Release|x86.Build.0 = Release|Any CPU
		{1C000001-0000-0000-0000-000000000001}.Debug|x64.ActiveCfg = Debug|Any CPU
		{1C000001-0000-0000-0000-000000000001}.Debug|x64.Build.0 = Debug|Any CPU
		{1C000001-0000-0000-0000-000000000001}.Debug|x86.ActiveCfg = Debug|Any CPU
		{1C000001-0000-0000-0000-000000000001}.Debug|x86.Build.0 = Debug|Any CPU
		{1C000001-0000-0000-0000-000000000001}.Release|x64.ActiveCfg = Release|Any CPU
		{1C000001-0000-0000-0000-000000000001}.Release|x64.Build.0 = Release|Any CPU
		{1C000001-0000-0000-0000-000000000001}.Release|x86.ActiveCfg = Release|Any CPU
		{1C000001-0000-0000-0000-000000000001}.Release|x86.Build.0 = Release|Any CPU
		{1C000002-0000-0000-0000-000000000002}.Debug|x64.ActiveCfg = Debug|Any CPU
		{1C000002-0000-0000-0000-000000000002}.Debug|x64.Build.0 = Debug|Any CPU
		{1C000002-0000-0000-0000-000000000002}.Debug|x86.ActiveCfg = Debug|Any CPU
		{1C000002-0000-0000-0000-000000000002}.Debug|x86.Build.0 = Debug|Any CPU
		{1C000002-0000-0000-0000-000000000002}.Release|x64.ActiveCfg = Release|Any CPU
		{1C000002-0000-0000-0000-000000000002}.Release|x64.Build.0 = Release|Any CPU
		{1C000002-0000-0000-0000-000000000002}.Release|x86.ActiveCfg = Release|Any CPU
		{1C000002-0000-0000-0000-000000000002}.Release|x86.Build.0 = Release|Any CPU
		{1C000003-0000-0000-0000-000000000003}.Debug|x64.ActiveCfg = Debug|Any CPU
		{1C000003-0000-0000-0000-000000000003}.Debug|x64.Build.0 = Debug|Any CPU
		{1C000003-0000-0000-0000-000000000003}.Debug|x86.ActiveCfg = Debug|Any CPU
		{1C000003-0000-0000-0000-000000000003}.Debug|x86.Build.0 = Debug|Any CPU
		{1C000003-0000-0000-0000-000000000003}.Release|x64.ActiveCfg = Release|Any CPU
		{1C000003-0000-0000-0000-000000000003}.Release|x64.Build.0 = Release|Any CPU
		{1C000003-0000-0000-0000-000000000003}.Release|x86.ActiveCfg = Release|Any CPU
		{1C000003-0000-0000-0000-000000000003}.Release|x86.Build.0 = Release|Any CPU
		{01347384-6F32-413C-855B-88A1C9F59200}.Debug|Any CPU.ActiveCfg = Debug|Any CPU
		{01347384-6F32-413C-855B-88A1C9F59200}.Debug|Any CPU.Build.0 = Debug|Any CPU
		{01347384-6F32-413C-855B-88A1C9F59200}.Debug|x64.ActiveCfg = Debug|Any CPU
		{01347384-6F32-413C-855B-88A1C9F59200}.Debug|x64.Build.0 = Debug|Any CPU
		{01347384-6F32-413C-855B-88A1C9F59200}.Debug|x86.ActiveCfg = Debug|Any CPU
		{01347384-6F32-413C-855B-88A1C9F59200}.Debug|x86.Build.0 = Debug|Any CPU
		{01347384-6F32-413C-855B-88A1C9F59200}.Release|Any CPU.ActiveCfg = Release|Any CPU
		{01347384-6F32-413C-855B-88A1C9F59200}.Release|Any CPU.Build.0 = Release|Any CPU
		{01347384-6F32-413C-855B-88A1C9F59200}.Release|x64.ActiveCfg = Release|Any CPU
		{01347384-6F32-413C-855B-88A1C9F59200}.Release|x64.Build.0 = Release|Any CPU
		{01347384-6F32-413C-855B-88A1C9F59200}.Release|x86.ActiveCfg = Release|Any CPU
		{01347384-6F32-413C-855B-88A1C9F59200}.Release|x86.Build.0 = Release|Any CPU
		{7E09CEBD-1E22-4610-ADE2-AE14B2C88F40}.Debug|Any CPU.ActiveCfg = Debug|Any CPU
		{7E09CEBD-1E22-4610-ADE2-AE14B2C88F40}.Debug|Any CPU.Build.0 = Debug|Any CPU
		{7E09CEBD-1E22-4610-ADE2-AE14B2C88F40}.Debug|x64.ActiveCfg = Debug|Any CPU
		{7E09CEBD-1E22-4610-ADE2-AE14B2C88F40}.Debug|x64.Build.0 = Debug|Any CPU
		{7E09CEBD-1E22-4610-ADE2-AE14B2C88F40}.Debug|x86.ActiveCfg = Debug|Any CPU
		{7E09CEBD-1E22-4610-ADE2-AE14B2C88F40}.Debug|x86.Build.0 = Debug|Any CPU
		{7E09CEBD-1E22-4610-ADE2-AE14B2C88F40}.Release|Any CPU.ActiveCfg = Release|Any CPU
		{7E09CEBD-1E22-4610-ADE2-AE14B2C88F40}.Release|Any CPU.Build.0 = Release|Any CPU
		{7E09CEBD-1E22-4610-ADE2-AE14B2C88F40}.Release|x64.ActiveCfg = Release|Any CPU
		{7E09CEBD-1E22-4610-ADE2-AE14B2C88F40}.Release|x64.Build.0 = Release|Any CPU
		{7E09CEBD-1E22-4610-ADE2-AE14B2C88F40}.Release|x86.ActiveCfg = Release|Any CPU
		{7E09CEBD-1E22-4610-ADE2-AE14B2C88F40}.Release|x86.Build.0 = Release|Any CPU
	EndGlobalSection
	GlobalSection(SolutionProperties) = preSolution
		HideSolutionNode = FALSE
	EndGlobalSection
	GlobalSection(NestedProjects) = preSolution
		{01347384-6F32-413C-855B-88A1C9F59200} = {0AB3BF05-4346-4AA6-1389-037BE0695223}
		{7E09CEBD-1E22-4610-ADE2-AE14B2C88F40} = {0AB3BF05-4346-4AA6-1389-037BE0695223}
	EndGlobalSection
EndGlobal
